hash: 501f756e6ed12542d7212e1703d697867d4a470de4722416041d2006e2655a1f
updated: 2018-07-24T23:01:44.476609+02:00
imports:
- name: github.com/ericdaugherty/alexa-skills-kit-golang
  version: 9efb9b6c2bb898b8123da56621272b27c84cea69
- name: github.com/jaytaylor/html2text
  version: 57d518f124b0cf46ea2021f25a01396b3522e6fb
- name: github.com/k3a/html2text
  version: 7531bf9beb40abbf0822b2f32401d05d470fe671
- name: github.com/nicksnyder/go-i18n
  version: 9a3374df1846e50f1b710416ff73b5f48e224bb6
  subpackages:
  - v2/goi18n
  - v2/i18n
  - v2/internal
  - v2/internal/plural
- name: github.com/onsi/ginkgo
  version: 6665a7cf0a58963034f099ffcd3bc4e4a11c300c
  subpackages:
  - config
  - ginkgo
  - internal/codelocation
  - internal/containernode
  - internal/failer
  - internal/leafnodes
  - internal/remote
  - internal/spec
  - internal/spec_iterator
  - internal/specrunner
  - internal/suite
  - internal/testingtproxy
  - internal/writer
  - reporters
  - reporters/stenographer
  - reporters/stenographer/support/go-colorable
  - reporters/stenographer/support/go-isatty
  - types
- name: github.com/onsi/gomega
  version: f9b2e15b86f3d6dd556700ffbaa4feee86745028
  subpackages:
  - format
  - internal/assertion
  - internal/asyncassertion
  - internal/oraclematcher
  - internal/testingtsupport
  - matchers
  - matchers/support/goraph/bipartitegraph
  - matchers/support/goraph/edge
  - matchers/support/goraph/node
  - matchers/support/goraph/util
  - types
- name: github.com/patrickmn/go-cache
  version: 9f6ff22cfff829561052f5886ec80a2ac148b4eb
- name: github.com/petergtz/go-alexa
  version: f2fe0b6105af830c065d1fb976443a3c1a5d4053
- name: github.com/pkg/errors
  version: c605e284fe17294bda444b34710735b29d1a9d90
- name: github.com/pkg/math
  version: f2ed9e40e245cdeec72c4b642d27ed4553f90667
- name: go.uber.org/atomic
  version: 1ea20fb1cbb1cc08cbd0d913a96dead89aa18289
- name: go.uber.org/multierr
  version: 3c4937480c32f4c13a875a1829af76c98ca3d40a
- name: go.uber.org/zap
  version: e15639dab1b6ca5a651fe7ebfd8d682683b7d6a8
  subpackages:
  - buffer
  - internal/bufferpool
  - internal/color
  - internal/exit
  - zapcore
- name: golang.org/x/text
  version: 5cec4b58c438bd98288aeb248bab2c1840713d21
  subpackages:
  - encoding
  - encoding/charmap
  - encoding/htmlindex
  - encoding/internal
  - encoding/internal/identifier
  - encoding/japanese
  - encoding/korean
  - encoding/simplifiedchinese
  - encoding/traditionalchinese
  - encoding/unicode
  - internal/language
  - internal/language/compact
  - internal/tag
  - internal/utf8internal
  - language
  - runes
  - transform
testImports:
- name: golang.org/x/net
  version: 1f9224279e98554b6a6432d4dd998a739f8b2b7c
  subpackages:
  - html
  - html/atom
  - html/charset
- name: golang.org/x/sys
  version: 90796e5a05ce440b41c768bd9af257005e470461
  subpackages:
  - unix
- name: gopkg.in/yaml.v2
  version: cd8b52f8269e0feb286dfeef29f8fe4d5b397e0b
