hash: 36471a2b3f33aca4a0bdf04e7bdc62e546ce398bb8c813d2c4f196e03ff2dfac
updated: 2018-03-24T23:22:35.502234+01:00
imports:
- name: github.com/ericdaugherty/alexa-skills-kit-golang
  version: 5669a59bb223f3afeace7a8f8d1cf4ec938daba1
- name: github.com/jaytaylor/html2text
  version: 190166da35878a77103b951ae035a473531c1fc2
- name: github.com/k3a/html2text
  version: ab70b34187c4604d303fa56569efef07cb7753e6
- name: github.com/onsi/ginkgo
  version: a23f924ce96d61f963fb6219b8ff069d8d768cc2
  subpackages:
  - config
  - ginkgo
  - internal/codelocation
  - internal/containernode
  - internal/failer
  - internal/leafnodes
  - internal/remote
  - internal/spec
  - internal/specrunner
  - internal/suite
  - internal/testingtproxy
  - internal/writer
  - reporters
  - reporters/stenographer
  - reporters/stenographer/support/go-colorable
  - reporters/stenographer/support/go-isatty
  - types
- name: github.com/onsi/gomega
  version: de89e61d40b75aa971a9fc3eae7f4fefabd6e0ee
  subpackages:
  - format
  - internal/assertion
  - internal/asyncassertion
  - internal/oraclematcher
  - internal/testingtsupport
  - matchers
  - matchers/support/goraph/bipartitegraph
  - matchers/support/goraph/edge
  - matchers/support/goraph/node
  - matchers/support/goraph/util
  - types
- name: github.com/patrickmn/go-cache
  version: a3647f8e31d79543b2d0f0ae2fe5c379d72cedc0
- name: github.com/petergtz/go-alexa
  version: f2fe0b6105af830c065d1fb976443a3c1a5d4053
- name: github.com/pkg/errors
  version: 248dadf4e9068a0b3e79f02ed0a610d935de5302
- name: github.com/pkg/math
  version: f2ed9e40e245cdeec72c4b642d27ed4553f90667
- name: go.uber.org/atomic
  version: 8474b86a5a6f79c443ce4b2992817ff32cf208b8
- name: go.uber.org/multierr
  version: 3c4937480c32f4c13a875a1829af76c98ca3d40a
- name: go.uber.org/zap
  version: e15639dab1b6ca5a651fe7ebfd8d682683b7d6a8
  subpackages:
  - buffer
  - internal/bufferpool
  - internal/color
  - internal/exit
  - zapcore
testImports:
- name: golang.org/x/net
  version: 1f9224279e98554b6a6432d4dd998a739f8b2b7c
  subpackages:
  - html
  - html/atom
  - html/charset
- name: golang.org/x/sys
  version: d75a52659825e75fff6158388dddc6a5b04f9ba5
  subpackages:
  - unix
- name: golang.org/x/text
  version: 8c34f848e18c4bd34d02db7f19a0ed1a0a8f5852
  subpackages:
  - encoding
  - encoding/charmap
  - encoding/htmlindex
  - encoding/internal
  - encoding/internal/identifier
  - encoding/japanese
  - encoding/korean
  - encoding/simplifiedchinese
  - encoding/traditionalchinese
  - encoding/unicode
  - internal/language
  - internal/language/compact
  - internal/tag
  - internal/utf8internal
  - language
  - runes
  - transform
- name: gopkg.in/yaml.v2
  version: a5b47d31c556af34a302ce5d659e6fea44d90de0
