# This file is autogenerated, do not edit; changes may be undone by the next 'dep ensure'.


[[projects]]
  name = "github.com/k3a/html2text"
  packages = ["."]
  revision = "a2eb2347b62da64a8a6f5611f20da358e647d4a6"
  version = "1.0.1"

[solve-meta]
  analyzer-name = "dep"
  analyzer-version = 1
  inputs-digest = "32f28aa4c1baf72ac84ba4c9760f9d6b38a69fddbea521c51b8949d6e592921f"
  solver-name = "gps-cdcl"
  solver-version = 1
